{
  "nodes": {
    "flake-utils": {
      "inputs": {
        "systems": "systems"
      },
      "locked": {
        "lastModified": 1710146030,
        "narHash": "sha256-SZ5L6eA7HJ/nmkzGG7/ISclqe6oZdOZTNoesiInkXPQ=",
        "owner": "numtide",
        "repo": "flake-utils",
        "rev": "b1d9ab70662946ef0850d488da1c9019f3a9752a",
        "type": "github"
      },
      "original": {
        "owner": "numtide",
        "repo": "flake-utils",
        "type": "github"
      }
    },
    "flake-utils_2": {
      "inputs": {
        "systems": "systems_2"
      },
      "locked": {
        "lastModified": 1701680307,
        "narHash": "sha256-kAuep2h5ajznlPMD9rnQyffWG8EM/C73lejGofXvdM8=",
        "owner": "numtide",
        "repo": "flake-utils",
        "rev": "4022d587cbbfd70fe950c1e2083a02621806a725",
        "type": "github"
      },
      "original": {
        "owner": "numtide",
        "repo": "flake-utils",
        "type": "github"
      }
    },
    "lsplens-src": {
      "flake": false,
      "locked": {
        "lastModified": 1701948425,
        "narHash": "sha256-zj/Gn/40jnDNh05OFc23LNNuFn1PnIAUDfPquEWpAlk=",
        "owner": "VidocqH",
        "repo": "lsp-lens.nvim",
        "rev": "48bb1a7e271424c15f3d588d54adc9b7c319d977",
        "type": "github"
      },
      "original": {
        "owner": "VidocqH",
        "repo": "lsp-lens.nvim",
        "type": "github"
      }
    },
    "neogit-src": {
      "flake": false,
      "locked": {
        "lastModified": 1712524054,
        "narHash": "sha256-TTsnaCk2Y9AFHrokN/NrN7ekXZFXYJSMycAyzf+4B3E=",
        "owner": "NeogitOrg",
        "repo": "neogit",
        "rev": "18938e2bda1ff9db8a1bdab573a05fbfbb136b9c",
        "type": "github"
      },
      "original": {
        "owner": "NeogitOrg",
        "ref": "nightly",
        "repo": "neogit",
        "type": "github"
      }
    },
    "neovim": {
      "inputs": {
        "flake-utils": "flake-utils_2",
        "nixpkgs": [
          "nixpkgs"
        ]
      },
      "locked": {
        "dir": "contrib",
        "lastModified": 1712461845,
        "narHash": "sha256-j9QZioI7AV3L+Ejr62wjLojwEfmMVwn9vW4Lso40bGY=",
        "owner": "neovim",
        "repo": "neovim",
        "rev": "f6dcc464f220e702af63d1d58d1e2adf9b05cdf5",
        "type": "github"
      },
      "original": {
        "dir": "contrib",
        "owner": "neovim",
        "ref": "nightly",
        "repo": "neovim",
        "type": "github"
      }
    },
    "nixpkgs": {
      "locked": {
        "lastModified": 1712526295,
        "narHash": "sha256-VgSqbxptAP6tdq1j+Cym1aW6pl2zIQ5yyjf6A5K52ek=",
        "owner": "NixOS",
        "repo": "nixpkgs",
        "rev": "f6ed1c3cb61f99478efa3e6f5ec8a8bc4d8ec6fe",
        "type": "github"
      },
      "original": {
        "owner": "NixOS",
        "repo": "nixpkgs",
        "type": "github"
      }
    },
    "root": {
      "inputs": {
        "flake-utils": "flake-utils",
        "lsplens-src": "lsplens-src",
        "neogit-src": "neogit-src",
        "neovim": "neovim",
        "nixpkgs": "nixpkgs",
        "telescope-ghq-src": "telescope-ghq-src",
        "telescope-recent-files-src": "telescope-recent-files-src"
      }
    },
    "systems": {
      "locked": {
        "lastModified": 1681028828,
        "narHash": "sha256-Vy1rq5AaRuLzOxct8nz4T6wlgyUR7zLU309k9mBC768=",
        "owner": "nix-systems",
        "repo": "default",
        "rev": "da67096a3b9bf56a91d16901293e51ba5b49a27e",
        "type": "github"
      },
      "original": {
        "owner": "nix-systems",
        "repo": "default",
        "type": "github"
      }
    },
    "systems_2": {
      "locked": {
        "lastModified": 1681028828,
        "narHash": "sha256-Vy1rq5AaRuLzOxct8nz4T6wlgyUR7zLU309k9mBC768=",
        "owner": "nix-systems",
        "repo": "default",
        "rev": "da67096a3b9bf56a91d16901293e51ba5b49a27e",
        "type": "github"
      },
      "original": {
        "owner": "nix-systems",
        "repo": "default",
        "type": "github"
      }
    },
    "telescope-ghq-src": {
      "flake": false,
      "locked": {
        "lastModified": 1692800109,
        "narHash": "sha256-jd4mqEbNXkJaqE5By8+Wn6FZ3jc8i181uXHCzyFgSh8=",
        "owner": "tonychg",
        "repo": "telescope-ghq.nvim",
        "rev": "39f7f346e4f302aa1bd507fe143b3113963b889b",
        "type": "github"
      },
      "original": {
        "owner": "tonychg",
        "repo": "telescope-ghq.nvim",
        "type": "github"
      }
    },
    "telescope-recent-files-src": {
      "flake": false,
      "locked": {
        "lastModified": 1668872770,
        "narHash": "sha256-RSbB+fODF7o+n1aF9rYKP4ANPkyxQgi+3ZymTFd2BMI=",
        "owner": "smartpde",
        "repo": "telescope-recent-files",
        "rev": "6893cda11625254cc7dc2ea76e0a100c7deeb028",
        "type": "github"
      },
      "original": {
        "owner": "smartpde",
        "repo": "telescope-recent-files",
        "type": "github"
      }
    }
  },
  "root": "root",
  "version": 7
}
